<?xml version="1.0" encoding="utf-8"?>
<Project ToolsVersion="4.0" xmlns="http://schemas.microsoft.com/developer/msbuild/2003">
  <ItemGroup>
    <Filter Include="Archivos de origen">
      <UniqueIdentifier>{4FC737F1-C7A5-4376-A066-2A32D752A2FF}</UniqueIdentifier>
      <Extensions>cpp;c;cc;cxx;def;odl;idl;hpj;bat;asm;asmx</Extensions>
    </Filter>
    <Filter Include="Archivos de encabezado">
      <UniqueIdentifier>{93995380-89BD-4b04-88EB-625FBE52EBFB}</UniqueIdentifier>
      <Extensions>h;hh;hpp;hxx;hm;inl;inc;ipp;xsd</Extensions>
    </Filter>
    <Filter Include="Archivos de recursos">
      <UniqueIdentifier>{67DA6AB6-F800-4c08-8B7A-83BB121AAD01}</UniqueIdentifier>
      <Extensions>rc;ico;cur;bmp;dlg;rc2;rct;bin;rgs;gif;jpg;jpeg;jpe;resx;tiff;tif;png;wav;mfcribbon-ms</Extensions>
    </Filter>
    <Filter Include="Archivos de encabezado\Componentes">
      <UniqueIdentifier>{6acfe7ac-190f-4076-89de-11eb4198487b}</UniqueIdentifier>
    </Filter>
    <Filter Include="Archivos de origen\Componentes">
      <UniqueIdentifier>{7a7ec980-f087-4b80-ba73-cc443d11b33b}</UniqueIdentifier>
    </Filter>
  </ItemGroup>
  <ItemGroup>
    <ClInclude Include="..\..\src\DataManager\Header Files\DataManager.h">
      <Filter>Archivos de encabezado</Filter>
    </ClInclude>
    <ClInclude Include="..\..\src\DataManager\Header Files\EntityC.h">
      <Filter>Archivos de encabezado</Filter>
    </ClInclude>
    <ClInclude Include="..\..\src\DataManager\Header Files\json.hpp">
      <Filter>Archivos de encabezado</Filter>
    </ClInclude>
    <ClInclude Include="..\..\src\DataManager\Header Files\ComponentFactory.h">
      <Filter>Archivos de encabezado\Componentes</Filter>
    </ClInclude>
    <ClInclude Include="..\..\src\DataManager\Header Files\Component.h">
      <Filter>Archivos de encabezado\Componentes</Filter>
    </ClInclude>
    <ClInclude Include="..\..\src\DataManager\Header Files\TransformComponent.h">
      <Filter>Archivos de encabezado\Componentes</Filter>
    </ClInclude>
    <ClInclude Include="..\..\src\DataManager\Header Files\RenderComponent.h">
      <Filter>Archivos de encabezado\Componentes</Filter>
    </ClInclude>
    <ClInclude Include="..\..\src\DataManager\Header Files\InputComponent.h">
      <Filter>Archivos de encabezado\Componentes</Filter>
    </ClInclude>
    <ClInclude Include="..\..\src\DataManager\Header Files\GmInputComponent.h">
      <Filter>Archivos de encabezado\Componentes</Filter>
    </ClInclude>
    <ClInclude Include="..\..\src\DataManager\Header Files\GmInputListener.h">
      <Filter>Archivos de encabezado\Componentes</Filter>
    </ClInclude>
    <ClInclude Include="..\..\src\DataManager\Header Files\Input_OIS_Listener.h">
      <Filter>Archivos de encabezado\Componentes</Filter>
    </ClInclude>
    <ClInclude Include="..\..\src\DataManager\Header Files\Observer.h">
      <Filter>Archivos de encabezado</Filter>
    </ClInclude>
    <ClInclude Include="..\..\src\DataManager\Header Files\Messages_decl.h">
      <Filter>Archivos de encabezado</Filter>
    </ClInclude>
    <ClInclude Include="..\..\src\DataManager\Header Files\Messages_defs.h">
      <Filter>Archivos de encabezado</Filter>
    </ClInclude>
    <ClInclude Include="..\..\src\DataManager\Header Files\TestComponent.h">
      <Filter>Archivos de encabezado</Filter>
    </ClInclude>
    <ClInclude Include="..\..\src\DataManager\Header Files\C_Factory.h">
      <Filter>Archivos de encabezado</Filter>
    </ClInclude>
    <ClInclude Include="..\..\src\DataManager\Header Files\FactoryRegister.h">
      <Filter>Archivos de encabezado</Filter>
    </ClInclude>
    <ClInclude Include="..\..\src\DataManager\Header Files\FactoriesGestor.h">
      <Filter>Archivos de encabezado</Filter>
    </ClInclude>
  </ItemGroup>
  <ItemGroup>
    <ClCompile Include="..\..\src\DataManager\Source Files\DataManager.cpp">
      <Filter>Archivos de origen</Filter>
    </ClCompile>
    <ClCompile Include="..\..\src\DataManager\Source Files\EntityC.cpp">
      <Filter>Archivos de origen</Filter>
    </ClCompile>
    <ClCompile Include="..\..\src\DataManager\Source Files\Component.cpp">
      <Filter>Archivos de origen\Componentes</Filter>
    </ClCompile>
    <ClCompile Include="..\..\src\DataManager\Source Files\TransformComponent.cpp">
      <Filter>Archivos de origen\Componentes</Filter>
    </ClCompile>
    <ClCompile Include="..\..\src\DataManager\Source Files\RenderComponent.cpp">
      <Filter>Archivos de origen\Componentes</Filter>
    </ClCompile>
    <ClCompile Include="..\..\src\DataManager\Source Files\InputComponent.cpp">
      <Filter>Archivos de origen\Componentes</Filter>
    </ClCompile>
    <ClCompile Include="..\..\src\DataManager\Source Files\GmInputComponent.cpp">
      <Filter>Archivos de origen\Componentes</Filter>
    </ClCompile>
    <ClCompile Include="..\..\src\DataManager\Source Files\GmInputListener.cpp">
      <Filter>Archivos de origen\Componentes</Filter>
    </ClCompile>
    <ClCompile Include="..\..\src\DataManager\Source Files\Input_OIS_Listener.cpp">
      <Filter>Archivos de origen\Componentes</Filter>
    </ClCompile>
    <ClCompile Include="..\..\src\DataManager\Source Files\Observer.cpp">
      <Filter>Archivos de origen</Filter>
    </ClCompile>
    <ClCompile Include="..\..\src\DataManager\Source Files\TestComponent.cpp">
      <Filter>Archivos de origen</Filter>
    </ClCompile>
    <ClCompile Include="..\..\src\DataManager\Source Files\FactoryRegister.cpp">
      <Filter>Archivos de origen</Filter>
    </ClCompile>
    <ClCompile Include="..\..\src\DataManager\Source Files\FactoriesGestor.cpp">
      <Filter>Archivos de origen</Filter>
    </ClCompile>
  </ItemGroup>
</Project>