<?xml version="1.0" encoding="utf-8"?>
<Project ToolsVersion="4.0" xmlns="http://schemas.microsoft.com/developer/msbuild/2003">
  <ItemGroup>
    <Filter Include="Header Files">
      <UniqueIdentifier>{b6846e4c-4052-4828-be17-7227b72e1616}</UniqueIdentifier>
    </Filter>
    <Filter Include="Source Files">
      <UniqueIdentifier>{48ebf8b3-3a41-473c-8518-fb60a10b74dc}</UniqueIdentifier>
    </Filter>
    <Filter Include="Header Files\Time">
      <UniqueIdentifier>{9bbf1057-edf6-40ff-bb48-98e70df97ebc}</UniqueIdentifier>
    </Filter>
    <Filter Include="Source Files\Time">
      <UniqueIdentifier>{772781d3-d09e-43a5-9d06-a7c6bd2fe585}</UniqueIdentifier>
    </Filter>
  </ItemGroup>
  <ItemGroup>
    <ClInclude Include="..\..\src\WeirdEngine\Header Files\Scene.h">
      <Filter>Header Files</Filter>
    </ClInclude>
    <ClInclude Include="..\..\src\WeirdEngine\Header Files\weirdTimer.h">
      <Filter>Header Files\Time</Filter>
    </ClInclude>
    <ClInclude Include="..\..\src\WeirdEngine\Header Files\TimeManager.h">
      <Filter>Header Files\Time</Filter>
    </ClInclude>
    <ClInclude Include="..\..\src\WeirdEngine\Header Files\GameManager.h">
      <Filter>Header Files</Filter>
    </ClInclude>
  </ItemGroup>
  <ItemGroup>
    <ClCompile Include="..\..\src\WeirdEngine\Source Files\GameManager.cpp">
      <Filter>Source Files</Filter>
    </ClCompile>
    <ClCompile Include="..\..\src\WeirdEngine\Source Files\Scene.cpp">
      <Filter>Source Files</Filter>
    </ClCompile>
    <ClCompile Include="..\..\src\WeirdEngine\Source Files\weirdTimer.cpp">
      <Filter>Source Files\Time</Filter>
    </ClCompile>
    <ClCompile Include="..\..\src\WeirdEngine\Source Files\TimeManager.cpp">
      <Filter>Source Files\Time</Filter>
    </ClCompile>
  </ItemGroup>
</Project>