<?xml version="1.0" encoding="utf-8"?>
<Project ToolsVersion="4.0" xmlns="http://schemas.microsoft.com/developer/msbuild/2003">
  <ItemGroup>
    <Filter Include="build">
      <UniqueIdentifier>{CC7AD1CE-CE74-684C-852F-995C72494067}</UniqueIdentifier>
    </Filter>
    <Filter Include="Demos">
      <UniqueIdentifier>{D996F580-56D5-C049-8881-C08E9B4A63DB}</UniqueIdentifier>
    </Filter>
    <Filter Include="Demos\RollingFrictionDemo">
      <UniqueIdentifier>{D147BF58-4C1F-6B4D-9FF2-41EE1A57F00A}</UniqueIdentifier>
    </Filter>
  </ItemGroup>
  <ItemGroup>
    <ClInclude Include="..\..\Demos\RollingFrictionDemo\RollingFrictionDemo.h">
      <Filter>Demos\RollingFrictionDemo</Filter>
    </ClInclude>
  </ItemGroup>
  <ItemGroup>
    <ClCompile Include="..\..\Demos\RollingFrictionDemo\main.cpp">
      <Filter>Demos\RollingFrictionDemo</Filter>
    </ClCompile>
    <ClCompile Include="..\..\Demos\RollingFrictionDemo\RollingFrictionDemo.cpp">
      <Filter>Demos\RollingFrictionDemo</Filter>
    </ClCompile>
    <ClCompile Include="..\..\Demos\RollingFrictionDemo\Win32RollingFrictionDemo.cpp">
      <Filter>Demos\RollingFrictionDemo</Filter>
    </ClCompile>
  </ItemGroup>
  <ItemGroup>
    <ResourceCompile Include="..\..\build\bullet.rc">
      <Filter>build</Filter>
    </ResourceCompile>
  </ItemGroup>
</Project>
