<?xml version="1.0" encoding="utf-8"?>
<Project ToolsVersion="4.0" xmlns="http://schemas.microsoft.com/developer/msbuild/2003">
  <ItemGroup>
    <Filter Include="build">
      <UniqueIdentifier>{CE30C402-302A-8541-8EB9-02236A99548A}</UniqueIdentifier>
    </Filter>
    <Filter Include="Demos">
      <UniqueIdentifier>{AA33A60A-1E24-6A47-894E-C2BF3C590C36}</UniqueIdentifier>
    </Filter>
    <Filter Include="Demos\EPAPenDepthDemo">
      <UniqueIdentifier>{F55A879E-E7FF-C94C-B819-4C14D05C41A6}</UniqueIdentifier>
    </Filter>
  </ItemGroup>
  <ItemGroup>
    <ClCompile Include="..\..\Demos\EPAPenDepthDemo\PenetrationTestBullet.cpp">
      <Filter>Demos\EPAPenDepthDemo</Filter>
    </ClCompile>
  </ItemGroup>
  <ItemGroup>
    <ResourceCompile Include="..\..\build\bullet.rc">
      <Filter>build</Filter>
    </ResourceCompile>
  </ItemGroup>
</Project>
