<?xml version="1.0" encoding="utf-8"?>
<Project ToolsVersion="4.0" xmlns="http://schemas.microsoft.com/developer/msbuild/2003">
  <ItemGroup>
    <Filter Include="build">
      <UniqueIdentifier>{8AFCC6C9-C223-D74A-B32E-8A5F56C15FEC}</UniqueIdentifier>
    </Filter>
    <Filter Include="Demos">
      <UniqueIdentifier>{95679DE4-C5FC-C748-819B-CC8A47DE4AC1}</UniqueIdentifier>
    </Filter>
    <Filter Include="Demos\FractureDemo">
      <UniqueIdentifier>{C9CC0742-6074-0243-8B8F-525A532BE1FF}</UniqueIdentifier>
    </Filter>
  </ItemGroup>
  <ItemGroup>
    <ClInclude Include="..\..\Demos\FractureDemo\btFractureBody.h">
      <Filter>Demos\FractureDemo</Filter>
    </ClInclude>
    <ClInclude Include="..\..\Demos\FractureDemo\btFractureDynamicsWorld.h">
      <Filter>Demos\FractureDemo</Filter>
    </ClInclude>
    <ClInclude Include="..\..\Demos\FractureDemo\FractureDemo.h">
      <Filter>Demos\FractureDemo</Filter>
    </ClInclude>
  </ItemGroup>
  <ItemGroup>
    <ClCompile Include="..\..\Demos\FractureDemo\btFractureBody.cpp">
      <Filter>Demos\FractureDemo</Filter>
    </ClCompile>
    <ClCompile Include="..\..\Demos\FractureDemo\btFractureDynamicsWorld.cpp">
      <Filter>Demos\FractureDemo</Filter>
    </ClCompile>
    <ClCompile Include="..\..\Demos\FractureDemo\FractureDemo.cpp">
      <Filter>Demos\FractureDemo</Filter>
    </ClCompile>
    <ClCompile Include="..\..\Demos\FractureDemo\main.cpp">
      <Filter>Demos\FractureDemo</Filter>
    </ClCompile>
    <ClCompile Include="..\..\Demos\FractureDemo\Win32FractureDemo.cpp">
      <Filter>Demos\FractureDemo</Filter>
    </ClCompile>
  </ItemGroup>
  <ItemGroup>
    <ResourceCompile Include="..\..\build\bullet.rc">
      <Filter>build</Filter>
    </ResourceCompile>
  </ItemGroup>
</Project>
