<?xml version="1.0" encoding="utf-8"?>
<Project ToolsVersion="4.0" xmlns="http://schemas.microsoft.com/developer/msbuild/2003">
  <ItemGroup>
    <Filter Include="build">
      <UniqueIdentifier>{D8243BC0-5F1C-3346-B821-5B9EEDED00EF}</UniqueIdentifier>
    </Filter>
    <Filter Include="Demos">
      <UniqueIdentifier>{D179D4A5-6CC3-AB49-8903-BEFD59F55D9C}</UniqueIdentifier>
    </Filter>
    <Filter Include="Demos\Raytracer">
      <UniqueIdentifier>{E1B4BAA2-C5CE-274C-AFEE-EFA179C744E7}</UniqueIdentifier>
    </Filter>
  </ItemGroup>
  <ItemGroup>
    <ClInclude Include="..\..\Demos\Raytracer\Raytracer.h">
      <Filter>Demos\Raytracer</Filter>
    </ClInclude>
  </ItemGroup>
  <ItemGroup>
    <ClCompile Include="..\..\Demos\Raytracer\main.cpp">
      <Filter>Demos\Raytracer</Filter>
    </ClCompile>
    <ClCompile Include="..\..\Demos\Raytracer\Raytracer.cpp">
      <Filter>Demos\Raytracer</Filter>
    </ClCompile>
  </ItemGroup>
  <ItemGroup>
    <ResourceCompile Include="..\..\build\bullet.rc">
      <Filter>build</Filter>
    </ResourceCompile>
  </ItemGroup>
</Project>
