<?xml version="1.0" encoding="utf-8"?>
<Project ToolsVersion="4.0" xmlns="http://schemas.microsoft.com/developer/msbuild/2003">
  <ItemGroup>
    <Filter Include="build">
      <UniqueIdentifier>{C103FE21-A9A8-9141-9AC7-403B8964EDD9}</UniqueIdentifier>
    </Filter>
    <Filter Include="Demos">
      <UniqueIdentifier>{1B8AB732-8032-B743-9942-7ECD55A0DE4C}</UniqueIdentifier>
    </Filter>
    <Filter Include="Demos\ConvexDecompositionDemo">
      <UniqueIdentifier>{8BE5129F-1166-814F-A83F-7354AF286402}</UniqueIdentifier>
    </Filter>
  </ItemGroup>
  <ItemGroup>
    <ClInclude Include="..\..\Demos\ConvexDecompositionDemo\ConvexDecompositionDemo.h">
      <Filter>Demos\ConvexDecompositionDemo</Filter>
    </ClInclude>
  </ItemGroup>
  <ItemGroup>
    <ClCompile Include="..\..\Demos\ConvexDecompositionDemo\ConvexDecompositionDemo.cpp">
      <Filter>Demos\ConvexDecompositionDemo</Filter>
    </ClCompile>
    <ClCompile Include="..\..\Demos\ConvexDecompositionDemo\main.cpp">
      <Filter>Demos\ConvexDecompositionDemo</Filter>
    </ClCompile>
    <ClCompile Include="..\..\Demos\ConvexDecompositionDemo\Win32ConvexDecompositionDemo.cpp">
      <Filter>Demos\ConvexDecompositionDemo</Filter>
    </ClCompile>
  </ItemGroup>
  <ItemGroup>
    <ResourceCompile Include="..\..\build\bullet.rc">
      <Filter>build</Filter>
    </ResourceCompile>
  </ItemGroup>
</Project>
