<?xml version="1.0" encoding="utf-8"?>
<Project ToolsVersion="4.0" xmlns="http://schemas.microsoft.com/developer/msbuild/2003">
  <ItemGroup>
    <Filter Include="build">
      <UniqueIdentifier>{48457F67-E786-1649-8DCB-4C5C5D46CF93}</UniqueIdentifier>
    </Filter>
    <Filter Include="Demos">
      <UniqueIdentifier>{75A7197F-D685-9D47-8A90-096D4672AA20}</UniqueIdentifier>
    </Filter>
    <Filter Include="Demos\ConvexHullDistance">
      <UniqueIdentifier>{6149565F-5A07-5348-AAA8-58174559D4B7}</UniqueIdentifier>
    </Filter>
  </ItemGroup>
  <ItemGroup>
    <ClCompile Include="..\..\Demos\ConvexHullDistance\ConvexHullDistanceDemo.cpp">
      <Filter>Demos\ConvexHullDistance</Filter>
    </ClCompile>
  </ItemGroup>
  <ItemGroup>
    <ResourceCompile Include="..\..\build\bullet.rc">
      <Filter>build</Filter>
    </ResourceCompile>
  </ItemGroup>
</Project>
