<?xml version="1.0" encoding="utf-8"?>
<Project ToolsVersion="4.0" xmlns="http://schemas.microsoft.com/developer/msbuild/2003">
  <ItemGroup>
    <Filter Include="build">
      <UniqueIdentifier>{660AF1B0-CAC0-144D-BD2C-9ACA16EC185E}</UniqueIdentifier>
    </Filter>
    <Filter Include="Demos">
      <UniqueIdentifier>{5BEB6C7E-1584-9B4F-AF2D-3D65D8F36C86}</UniqueIdentifier>
    </Filter>
    <Filter Include="Demos\CcdPhysicsDemo">
      <UniqueIdentifier>{BBC5BB6D-20E6-6E46-86EE-866E0DDADB29}</UniqueIdentifier>
    </Filter>
  </ItemGroup>
  <ItemGroup>
    <ClInclude Include="..\..\Demos\CcdPhysicsDemo\CcdPhysicsDemo.h">
      <Filter>Demos\CcdPhysicsDemo</Filter>
    </ClInclude>
  </ItemGroup>
  <ItemGroup>
    <ClCompile Include="..\..\Demos\CcdPhysicsDemo\CcdPhysicsDemo.cpp">
      <Filter>Demos\CcdPhysicsDemo</Filter>
    </ClCompile>
    <ClCompile Include="..\..\Demos\CcdPhysicsDemo\main.cpp">
      <Filter>Demos\CcdPhysicsDemo</Filter>
    </ClCompile>
  </ItemGroup>
  <ItemGroup>
    <ResourceCompile Include="..\..\build\bullet.rc">
      <Filter>build</Filter>
    </ResourceCompile>
  </ItemGroup>
</Project>
