<?xml version="1.0" encoding="utf-8"?>
<Project ToolsVersion="4.0" xmlns="http://schemas.microsoft.com/developer/msbuild/2003">
  <ItemGroup>
    <Filter Include="build">
      <UniqueIdentifier>{8AB23807-9ABA-4041-9554-CCB391C66999}</UniqueIdentifier>
    </Filter>
    <Filter Include="Demos">
      <UniqueIdentifier>{2A0980B9-28F5-5F47-A806-3C14A3494F56}</UniqueIdentifier>
    </Filter>
    <Filter Include="Demos\CollisionInterfaceDemo">
      <UniqueIdentifier>{D27327B5-5898-D84D-BC91-10F8D0DEFD46}</UniqueIdentifier>
    </Filter>
  </ItemGroup>
  <ItemGroup>
    <ClInclude Include="..\..\Demos\CollisionInterfaceDemo\CollisionInterfaceDemo.h">
      <Filter>Demos\CollisionInterfaceDemo</Filter>
    </ClInclude>
  </ItemGroup>
  <ItemGroup>
    <ClCompile Include="..\..\Demos\CollisionInterfaceDemo\CollisionInterfaceDemo.cpp">
      <Filter>Demos\CollisionInterfaceDemo</Filter>
    </ClCompile>
    <ClCompile Include="..\..\Demos\CollisionInterfaceDemo\main.cpp">
      <Filter>Demos\CollisionInterfaceDemo</Filter>
    </ClCompile>
    <ClCompile Include="..\..\Demos\CollisionInterfaceDemo\Win32CollisionInterfaceDemo.cpp">
      <Filter>Demos\CollisionInterfaceDemo</Filter>
    </ClCompile>
  </ItemGroup>
  <ItemGroup>
    <ResourceCompile Include="..\..\build\bullet.rc">
      <Filter>build</Filter>
    </ResourceCompile>
  </ItemGroup>
</Project>
