<?xml version="1.0" encoding="utf-8"?>
<Project ToolsVersion="4.0" xmlns="http://schemas.microsoft.com/developer/msbuild/2003">
  <ItemGroup>
    <Filter Include="build">
      <UniqueIdentifier>{764CE939-A567-8E4B-B5A4-7D9D236916B6}</UniqueIdentifier>
    </Filter>
    <Filter Include="Demos">
      <UniqueIdentifier>{D6C54595-6E43-3E4A-9DB1-F03031EA2A70}</UniqueIdentifier>
    </Filter>
    <Filter Include="Demos\MovingConcaveDemo">
      <UniqueIdentifier>{31692863-BC55-7841-8151-61758454FDA9}</UniqueIdentifier>
    </Filter>
  </ItemGroup>
  <ItemGroup>
    <ClInclude Include="..\..\Demos\MovingConcaveDemo\ConcaveDemo.h">
      <Filter>Demos\MovingConcaveDemo</Filter>
    </ClInclude>
  </ItemGroup>
  <ItemGroup>
    <ClCompile Include="..\..\Demos\MovingConcaveDemo\ConcavePhysicsDemo.cpp">
      <Filter>Demos\MovingConcaveDemo</Filter>
    </ClCompile>
  </ItemGroup>
  <ItemGroup>
    <ResourceCompile Include="..\..\build\bullet.rc">
      <Filter>build</Filter>
    </ResourceCompile>
  </ItemGroup>
</Project>
