<?xml version="1.0" encoding="utf-8"?>
<Project ToolsVersion="4.0" xmlns="http://schemas.microsoft.com/developer/msbuild/2003">
  <ItemGroup>
    <Filter Include="build">
      <UniqueIdentifier>{4772A86A-8B5F-BC42-9F5E-7D33F28A93B2}</UniqueIdentifier>
    </Filter>
    <Filter Include="Demos">
      <UniqueIdentifier>{2DC7A0B9-0FE3-F848-B816-E6B1959FE437}</UniqueIdentifier>
    </Filter>
    <Filter Include="Demos\BasicDemo">
      <UniqueIdentifier>{E67F77F4-640C-D242-8741-0471B19996D2}</UniqueIdentifier>
    </Filter>
  </ItemGroup>
  <ItemGroup>
    <ClInclude Include="..\..\Demos\BasicDemo\BasicDemo.h">
      <Filter>Demos\BasicDemo</Filter>
    </ClInclude>
  </ItemGroup>
  <ItemGroup>
    <ClCompile Include="..\..\Demos\BasicDemo\BasicDemo.cpp">
      <Filter>Demos\BasicDemo</Filter>
    </ClCompile>
    <ClCompile Include="..\..\Demos\BasicDemo\main.cpp">
      <Filter>Demos\BasicDemo</Filter>
    </ClCompile>
    <ClCompile Include="..\..\Demos\BasicDemo\Win32BasicDemo.cpp">
      <Filter>Demos\BasicDemo</Filter>
    </ClCompile>
  </ItemGroup>
  <ItemGroup>
    <ResourceCompile Include="..\..\build\bullet.rc">
      <Filter>build</Filter>
    </ResourceCompile>
  </ItemGroup>
</Project>
