<?xml version="1.0" encoding="utf-8"?>
<Project ToolsVersion="4.0" xmlns="http://schemas.microsoft.com/developer/msbuild/2003">
  <ItemGroup>
    <Filter Include="build">
      <UniqueIdentifier>{DBB476D6-A1DA-EB4A-A7EF-AD65ECBB9D3D}</UniqueIdentifier>
    </Filter>
    <Filter Include="Demos">
      <UniqueIdentifier>{AE654B82-AA00-114E-ADD2-671BD7FE386C}</UniqueIdentifier>
    </Filter>
    <Filter Include="Demos\ConcaveConvexcastDemo">
      <UniqueIdentifier>{70C7C18D-8BBF-BB49-A7D7-E1D81F076DEA}</UniqueIdentifier>
    </Filter>
  </ItemGroup>
  <ItemGroup>
    <ClInclude Include="..\..\Demos\ConcaveConvexcastDemo\ConcaveConvexcastDemo.h">
      <Filter>Demos\ConcaveConvexcastDemo</Filter>
    </ClInclude>
  </ItemGroup>
  <ItemGroup>
    <ClCompile Include="..\..\Demos\ConcaveConvexcastDemo\ConcaveConvexcastDemo.cpp">
      <Filter>Demos\ConcaveConvexcastDemo</Filter>
    </ClCompile>
    <ClCompile Include="..\..\Demos\ConcaveConvexcastDemo\main.cpp">
      <Filter>Demos\ConcaveConvexcastDemo</Filter>
    </ClCompile>
  </ItemGroup>
  <ItemGroup>
    <ResourceCompile Include="..\..\build\bullet.rc">
      <Filter>build</Filter>
    </ResourceCompile>
  </ItemGroup>
</Project>
