<?xml version="1.0" encoding="utf-8"?>
<Project ToolsVersion="4.0" xmlns="http://schemas.microsoft.com/developer/msbuild/2003">
  <ItemGroup>
    <Filter Include="Demos">
      <UniqueIdentifier>{EA3FDEC4-3D48-9440-B5CA-3E293838E828}</UniqueIdentifier>
    </Filter>
    <Filter Include="Demos\Benchmarks">
      <UniqueIdentifier>{05D45AAC-45DB-F144-8022-163EE1F6A349}</UniqueIdentifier>
    </Filter>
  </ItemGroup>
  <ItemGroup>
    <ClInclude Include="..\..\Demos\Benchmarks\BenchmarkDemo.h">
      <Filter>Demos\Benchmarks</Filter>
    </ClInclude>
  </ItemGroup>
  <ItemGroup>
    <ClCompile Include="..\..\Demos\Benchmarks\BenchmarkDemo.cpp">
      <Filter>Demos\Benchmarks</Filter>
    </ClCompile>
    <ClCompile Include="..\..\Demos\Benchmarks\main.cpp">
      <Filter>Demos\Benchmarks</Filter>
    </ClCompile>
    <ClCompile Include="..\..\Demos\Benchmarks\Win32BenchmarkDemo.cpp">
      <Filter>Demos\Benchmarks</Filter>
    </ClCompile>
  </ItemGroup>
</Project>
