<?xml version="1.0" encoding="utf-8"?>
<Project ToolsVersion="4.0" xmlns="http://schemas.microsoft.com/developer/msbuild/2003">
  <ItemGroup>
    <Filter Include="Demos">
      <UniqueIdentifier>{297CAF85-808B-D04F-BF06-94A07425E7F0}</UniqueIdentifier>
    </Filter>
    <Filter Include="Demos\HelloWorld">
      <UniqueIdentifier>{433B5037-E793-624A-B91F-45DB7B09FEED}</UniqueIdentifier>
    </Filter>
  </ItemGroup>
  <ItemGroup>
    <ClCompile Include="..\..\Demos\HelloWorld\HelloWorld.cpp">
      <Filter>Demos\HelloWorld</Filter>
    </ClCompile>
  </ItemGroup>
</Project>
