<?xml version="1.0" encoding="utf-8"?>
<Project ToolsVersion="4.0" xmlns="http://schemas.microsoft.com/developer/msbuild/2003">
  <ItemGroup>
    <Filter Include="Demos">
      <UniqueIdentifier>{2D6043D2-C039-3447-A931-44D8E0E712DB}</UniqueIdentifier>
    </Filter>
    <Filter Include="Demos\Raytracer">
      <UniqueIdentifier>{73CEF95B-9253-5548-B26C-08D4AFD58541}</UniqueIdentifier>
    </Filter>
  </ItemGroup>
  <ItemGroup>
    <ClInclude Include="..\..\Demos\Raytracer\Raytracer.h">
      <Filter>Demos\Raytracer</Filter>
    </ClInclude>
  </ItemGroup>
  <ItemGroup>
    <ClCompile Include="..\..\Demos\Raytracer\main.cpp">
      <Filter>Demos\Raytracer</Filter>
    </ClCompile>
    <ClCompile Include="..\..\Demos\Raytracer\Raytracer.cpp">
      <Filter>Demos\Raytracer</Filter>
    </ClCompile>
  </ItemGroup>
  <ItemGroup>
    <ResourceCompile Include="..\bullet.rc" />
  </ItemGroup>
</Project>
