<?xml version="1.0" encoding="utf-8"?>
<Project ToolsVersion="4.0" xmlns="http://schemas.microsoft.com/developer/msbuild/2003">
  <ItemGroup>
    <Filter Include="Demos">
      <UniqueIdentifier>{85A85083-652F-A84B-85FE-285BCCC66A6A}</UniqueIdentifier>
    </Filter>
    <Filter Include="Demos\FeatherstoneMultiBodyDemo">
      <UniqueIdentifier>{A1051253-A048-4445-8631-649D676E68A6}</UniqueIdentifier>
    </Filter>
  </ItemGroup>
  <ItemGroup>
    <ClInclude Include="..\..\Demos\FeatherstoneMultiBodyDemo\FeatherstoneMultiBodyDemo.h">
      <Filter>Demos\FeatherstoneMultiBodyDemo</Filter>
    </ClInclude>
  </ItemGroup>
  <ItemGroup>
    <ClCompile Include="..\..\Demos\FeatherstoneMultiBodyDemo\FeatherstoneMultiBodyDemo.cpp">
      <Filter>Demos\FeatherstoneMultiBodyDemo</Filter>
    </ClCompile>
    <ClCompile Include="..\..\Demos\FeatherstoneMultiBodyDemo\main.cpp">
      <Filter>Demos\FeatherstoneMultiBodyDemo</Filter>
    </ClCompile>
    <ClCompile Include="..\..\Demos\FeatherstoneMultiBodyDemo\Win32FeatherstoneMultiBodyDemo.cpp">
      <Filter>Demos\FeatherstoneMultiBodyDemo</Filter>
    </ClCompile>
  </ItemGroup>
  <ItemGroup>
    <ResourceCompile Include="..\bullet.rc" />
  </ItemGroup>
</Project>
