<?xml version="1.0" encoding="utf-8"?>
<Project ToolsVersion="4.0" xmlns="http://schemas.microsoft.com/developer/msbuild/2003">
  <ItemGroup>
    <Filter Include="Demos">
      <UniqueIdentifier>{519EE9E0-7725-6143-85C3-0F097AD480CE}</UniqueIdentifier>
    </Filter>
    <Filter Include="Demos\ConstraintDemo">
      <UniqueIdentifier>{7DC57C1B-716B-7648-AAF0-832763024B36}</UniqueIdentifier>
    </Filter>
  </ItemGroup>
  <ItemGroup>
    <ClInclude Include="..\..\Demos\ConstraintDemo\ConstraintDemo.h">
      <Filter>Demos\ConstraintDemo</Filter>
    </ClInclude>
  </ItemGroup>
  <ItemGroup>
    <ClCompile Include="..\..\Demos\ConstraintDemo\ConstraintDemo.cpp">
      <Filter>Demos\ConstraintDemo</Filter>
    </ClCompile>
    <ClCompile Include="..\..\Demos\ConstraintDemo\main.cpp">
      <Filter>Demos\ConstraintDemo</Filter>
    </ClCompile>
    <ClCompile Include="..\..\Demos\ConstraintDemo\Win32ConstraintDemo.cpp">
      <Filter>Demos\ConstraintDemo</Filter>
    </ClCompile>
  </ItemGroup>
  <ItemGroup>
    <ResourceCompile Include="..\bullet.rc" />
  </ItemGroup>
</Project>
