<?xml version="1.0" encoding="utf-8"?>
<Project ToolsVersion="4.0" xmlns="http://schemas.microsoft.com/developer/msbuild/2003">
  <ItemGroup>
    <Filter Include="Demos">
      <UniqueIdentifier>{C3A02CCA-D1D0-3641-9A08-3BD0A5F4EB2A}</UniqueIdentifier>
    </Filter>
    <Filter Include="Demos\SimplexDemo">
      <UniqueIdentifier>{9B62ED83-D06E-484C-A588-1A6A6A7C9634}</UniqueIdentifier>
    </Filter>
  </ItemGroup>
  <ItemGroup>
    <ClInclude Include="..\..\Demos\SimplexDemo\SimplexDemo.h">
      <Filter>Demos\SimplexDemo</Filter>
    </ClInclude>
  </ItemGroup>
  <ItemGroup>
    <ClCompile Include="..\..\Demos\SimplexDemo\SimplexDemo.cpp">
      <Filter>Demos\SimplexDemo</Filter>
    </ClCompile>
  </ItemGroup>
  <ItemGroup>
    <ResourceCompile Include="..\bullet.rc" />
  </ItemGroup>
</Project>
