<?xml version="1.0" encoding="utf-8"?>
<Project ToolsVersion="4.0" xmlns="http://schemas.microsoft.com/developer/msbuild/2003">
  <ItemGroup>
    <Filter Include="Demos">
      <UniqueIdentifier>{592CA386-7070-2A43-8234-F2C06A3D3EC3}</UniqueIdentifier>
    </Filter>
    <Filter Include="Demos\RagdollDemo">
      <UniqueIdentifier>{3243D6E5-B3C6-A147-A4E8-345D45F893D2}</UniqueIdentifier>
    </Filter>
  </ItemGroup>
  <ItemGroup>
    <ClInclude Include="..\..\Demos\RagdollDemo\RagdollDemo.h">
      <Filter>Demos\RagdollDemo</Filter>
    </ClInclude>
  </ItemGroup>
  <ItemGroup>
    <ClCompile Include="..\..\Demos\RagdollDemo\main.cpp">
      <Filter>Demos\RagdollDemo</Filter>
    </ClCompile>
    <ClCompile Include="..\..\Demos\RagdollDemo\RagdollDemo.cpp">
      <Filter>Demos\RagdollDemo</Filter>
    </ClCompile>
  </ItemGroup>
  <ItemGroup>
    <ResourceCompile Include="..\bullet.rc" />
  </ItemGroup>
</Project>
