<?xml version="1.0" encoding="utf-8"?>
<Project ToolsVersion="4.0" xmlns="http://schemas.microsoft.com/developer/msbuild/2003">
  <ItemGroup>
    <Filter Include="Demos">
      <UniqueIdentifier>{C7E6C754-54FD-E746-8962-848B2A7E75BE}</UniqueIdentifier>
    </Filter>
    <Filter Include="Demos\GyroscopicDemo">
      <UniqueIdentifier>{FC9C039C-D3F5-9D43-AF1F-EA932EF6EAC8}</UniqueIdentifier>
    </Filter>
  </ItemGroup>
  <ItemGroup>
    <ClInclude Include="..\..\Demos\GyroscopicDemo\GyroscopicDemo.h">
      <Filter>Demos\GyroscopicDemo</Filter>
    </ClInclude>
  </ItemGroup>
  <ItemGroup>
    <ClCompile Include="..\..\Demos\GyroscopicDemo\GyroscopicDemo.cpp">
      <Filter>Demos\GyroscopicDemo</Filter>
    </ClCompile>
    <ClCompile Include="..\..\Demos\GyroscopicDemo\main.cpp">
      <Filter>Demos\GyroscopicDemo</Filter>
    </ClCompile>
    <ClCompile Include="..\..\Demos\GyroscopicDemo\Win32GyroscopicDemo.cpp">
      <Filter>Demos\GyroscopicDemo</Filter>
    </ClCompile>
  </ItemGroup>
  <ItemGroup>
    <ResourceCompile Include="..\bullet.rc" />
  </ItemGroup>
</Project>
