<?xml version="1.0" encoding="utf-8"?>
<Project ToolsVersion="4.0" xmlns="http://schemas.microsoft.com/developer/msbuild/2003">
  <ItemGroup>
    <Filter Include="Demos">
      <UniqueIdentifier>{B7D8024D-E1AE-1E47-BE45-FFBCF61B558E}</UniqueIdentifier>
    </Filter>
    <Filter Include="Demos\RollingFrictionDemo">
      <UniqueIdentifier>{6F608F13-F783-8E44-9C47-9E387424F0B4}</UniqueIdentifier>
    </Filter>
  </ItemGroup>
  <ItemGroup>
    <ClInclude Include="..\..\Demos\RollingFrictionDemo\RollingFrictionDemo.h">
      <Filter>Demos\RollingFrictionDemo</Filter>
    </ClInclude>
  </ItemGroup>
  <ItemGroup>
    <ClCompile Include="..\..\Demos\RollingFrictionDemo\main.cpp">
      <Filter>Demos\RollingFrictionDemo</Filter>
    </ClCompile>
    <ClCompile Include="..\..\Demos\RollingFrictionDemo\RollingFrictionDemo.cpp">
      <Filter>Demos\RollingFrictionDemo</Filter>
    </ClCompile>
    <ClCompile Include="..\..\Demos\RollingFrictionDemo\Win32RollingFrictionDemo.cpp">
      <Filter>Demos\RollingFrictionDemo</Filter>
    </ClCompile>
  </ItemGroup>
  <ItemGroup>
    <ResourceCompile Include="..\bullet.rc" />
  </ItemGroup>
</Project>
