<?xml version="1.0" encoding="utf-8"?>
<Project ToolsVersion="4.0" xmlns="http://schemas.microsoft.com/developer/msbuild/2003">
  <ItemGroup>
    <Filter Include="Demos">
      <UniqueIdentifier>{73E6E0D0-C37D-B140-ACB2-93F34FDFF6A7}</UniqueIdentifier>
    </Filter>
    <Filter Include="Demos\DynamicControlDemo">
      <UniqueIdentifier>{31B7D9C7-A00D-E246-BE8E-DCC199AAE53D}</UniqueIdentifier>
    </Filter>
  </ItemGroup>
  <ItemGroup>
    <ClInclude Include="..\..\Demos\DynamicControlDemo\MotorDemo.h">
      <Filter>Demos\DynamicControlDemo</Filter>
    </ClInclude>
  </ItemGroup>
  <ItemGroup>
    <ClCompile Include="..\..\Demos\DynamicControlDemo\main.cpp">
      <Filter>Demos\DynamicControlDemo</Filter>
    </ClCompile>
    <ClCompile Include="..\..\Demos\DynamicControlDemo\MotorDemo.cpp">
      <Filter>Demos\DynamicControlDemo</Filter>
    </ClCompile>
  </ItemGroup>
  <ItemGroup>
    <ResourceCompile Include="..\bullet.rc" />
  </ItemGroup>
</Project>
