<?xml version="1.0" encoding="utf-8"?>
<Project ToolsVersion="4.0" xmlns="http://schemas.microsoft.com/developer/msbuild/2003">
  <ItemGroup>
    <Filter Include="Demos">
      <UniqueIdentifier>{1B9E19D8-637A-6546-BB85-43463070300A}</UniqueIdentifier>
    </Filter>
    <Filter Include="Demos\VoronoiFractureDemo">
      <UniqueIdentifier>{8E1F32EE-4865-3B40-B0ED-7409570FB4D1}</UniqueIdentifier>
    </Filter>
  </ItemGroup>
  <ItemGroup>
    <ClInclude Include="..\..\Demos\VoronoiFractureDemo\VoronoiFractureDemo.h">
      <Filter>Demos\VoronoiFractureDemo</Filter>
    </ClInclude>
  </ItemGroup>
  <ItemGroup>
    <ClCompile Include="..\..\Demos\VoronoiFractureDemo\main.cpp">
      <Filter>Demos\VoronoiFractureDemo</Filter>
    </ClCompile>
    <ClCompile Include="..\..\Demos\VoronoiFractureDemo\VoronoiFractureDemo.cpp">
      <Filter>Demos\VoronoiFractureDemo</Filter>
    </ClCompile>
    <ClCompile Include="..\..\Demos\VoronoiFractureDemo\Win32VoronoiFractureDemo.cpp">
      <Filter>Demos\VoronoiFractureDemo</Filter>
    </ClCompile>
  </ItemGroup>
  <ItemGroup>
    <ResourceCompile Include="..\bullet.rc" />
  </ItemGroup>
</Project>
