<?xml version="1.0" encoding="utf-8"?>
<Project ToolsVersion="4.0" xmlns="http://schemas.microsoft.com/developer/msbuild/2003">
  <ItemGroup>
    <Filter Include="Demos">
      <UniqueIdentifier>{27BE1DA0-BDA4-8F49-92DD-C0973D65D162}</UniqueIdentifier>
    </Filter>
    <Filter Include="Demos\EPAPenDepthDemo">
      <UniqueIdentifier>{BC406FBB-AFEE-6544-A582-B5491C2736E2}</UniqueIdentifier>
    </Filter>
  </ItemGroup>
  <ItemGroup>
    <ClCompile Include="..\..\Demos\EPAPenDepthDemo\PenetrationTestBullet.cpp">
      <Filter>Demos\EPAPenDepthDemo</Filter>
    </ClCompile>
  </ItemGroup>
  <ItemGroup>
    <ResourceCompile Include="..\bullet.rc" />
  </ItemGroup>
</Project>
