<?xml version="1.0" encoding="utf-8"?>
<Project ToolsVersion="4.0" xmlns="http://schemas.microsoft.com/developer/msbuild/2003">
  <ItemGroup>
    <Filter Include="Demos">
      <UniqueIdentifier>{814EF9BE-0A08-C94B-8CB4-E29DCF4EDC7F}</UniqueIdentifier>
    </Filter>
    <Filter Include="Demos\RaytestDemo">
      <UniqueIdentifier>{9B305E2F-0E82-0442-A635-D4D30CA1B20C}</UniqueIdentifier>
    </Filter>
  </ItemGroup>
  <ItemGroup>
    <ClInclude Include="..\..\Demos\RaytestDemo\RaytestDemo.h">
      <Filter>Demos\RaytestDemo</Filter>
    </ClInclude>
  </ItemGroup>
  <ItemGroup>
    <ClCompile Include="..\..\Demos\RaytestDemo\main.cpp">
      <Filter>Demos\RaytestDemo</Filter>
    </ClCompile>
    <ClCompile Include="..\..\Demos\RaytestDemo\RaytestDemo.cpp">
      <Filter>Demos\RaytestDemo</Filter>
    </ClCompile>
    <ClCompile Include="..\..\Demos\RaytestDemo\Win32RaytestDemo.cpp">
      <Filter>Demos\RaytestDemo</Filter>
    </ClCompile>
  </ItemGroup>
  <ItemGroup>
    <ResourceCompile Include="..\bullet.rc" />
  </ItemGroup>
</Project>
