<?xml version="1.0" encoding="utf-8"?>
<Project ToolsVersion="4.0" xmlns="http://schemas.microsoft.com/developer/msbuild/2003">
  <ItemGroup>
    <Filter Include="Demos">
      <UniqueIdentifier>{89896248-8A69-5045-8A11-E5702CD1A94C}</UniqueIdentifier>
    </Filter>
    <Filter Include="Demos\Benchmarks">
      <UniqueIdentifier>{BF8A62A4-9C16-6943-A873-25AAE831BD32}</UniqueIdentifier>
    </Filter>
  </ItemGroup>
  <ItemGroup>
    <ClInclude Include="..\..\Demos\Benchmarks\BenchmarkDemo.h">
      <Filter>Demos\Benchmarks</Filter>
    </ClInclude>
  </ItemGroup>
  <ItemGroup>
    <ClCompile Include="..\..\Demos\Benchmarks\BenchmarkDemo.cpp">
      <Filter>Demos\Benchmarks</Filter>
    </ClCompile>
    <ClCompile Include="..\..\Demos\Benchmarks\main.cpp">
      <Filter>Demos\Benchmarks</Filter>
    </ClCompile>
    <ClCompile Include="..\..\Demos\Benchmarks\Win32BenchmarkDemo.cpp">
      <Filter>Demos\Benchmarks</Filter>
    </ClCompile>
  </ItemGroup>
</Project>
