<?xml version="1.0" encoding="utf-8"?>
<Project ToolsVersion="4.0" xmlns="http://schemas.microsoft.com/developer/msbuild/2003">
  <ItemGroup>
    <Filter Include="Demos">
      <UniqueIdentifier>{D74BDC81-7836-C848-B661-C8438BD317D4}</UniqueIdentifier>
    </Filter>
    <Filter Include="Demos\HelloWorld">
      <UniqueIdentifier>{640CA0C6-6FAD-664A-B77D-30BD2B63ECA6}</UniqueIdentifier>
    </Filter>
  </ItemGroup>
  <ItemGroup>
    <ClCompile Include="..\..\Demos\HelloWorld\HelloWorld.cpp">
      <Filter>Demos\HelloWorld</Filter>
    </ClCompile>
  </ItemGroup>
</Project>
